github.com/davecgh/go-spew v1.1.0/go.mod h1:J7Y8YcW2NihsgmVo/mv3lAwl/skON4iLHjSsI+c5H38=
github.com/davecgh/go-spew v1.1.1/go.mod h1:J7Y8YcW2NihsgmVo/mv3lAwl/skON4iLHjSsI+c5H38=
github.com/go-playground/form v3.1.4+incompatible h1:lvKiHVxE2WvzDIoyMnWcjyiBxKt2+uFJyZcPYWsLnjI=
github.com/go-playground/form v3.1.4+incompatible/go.mod h1:lhcKXfTuhRtIZCIKUeJ0b5F207aeQCPbZU09ScKjwWg=
github.com/hhatto/gocloc v0.3.3 h1:jXz5CTLzyrgejjRhgL2tqwlHbBBlxJDmyzJxFrWUaNM=
github.com/hhatto/gocloc v0.3.3/go.mod h1:aTTI4EPB8jHqz4KpjYV+7869MoScc9oHDWZtnWN5jo8=
github.com/jessevdk/go-flags v1.4.0 h1:4IU2WS7AumrZ/40jfhf4QVDMsQwqA7VEHozFRrGARJA=
github.com/jessevdk/go-flags v1.4.0/go.mod h1:4FA24M0QyGHXBuZZK/XkWh8h0e1EYbRYJSGM75WSRxI=
github.com/kr/pretty v0.1.0/go.mod h1:dAy3ld7l9f0ibDNOQOHHMYYIIbhfbHSm3C4ZsoJORNo=
github.com/kr/pty v1.1.1/go.mod h1:pFQYn66WHrOpPYNljwOMqo10TkYh1fy3cYio2l3bCsQ=
github.com/kr/text v0.1.0/go.mod h1:4Jbv+DJW3UT/LiOwJeYQe1efqtUx/iVham/4vfdArNI=
github.com/pmezard/go-difflib v1.0.0/go.mod h1:iKH77koFhYxTK1pcRnkKkqfTogsbg7gZNVY4sRDYZ/4=
github.com/spf13/afero v1.2.2/go.mod h1:9ZxEEn6pIJ8Rxe320qSDBk6AsU0r9pR7Q4OcevTdifk=
github.com/src-d/enry/v2 v2.1.0 h1:z1L8t+B8bh3mmjPkJrgOTnVRpFGmTPJsplHX9wAn6BI=
github.com/src-d/enry/v2 v2.1.0/go.mod h1:qQeCMRwzMF3ckeGr+h0tJLdxXnq+NVZsIDMELj0t028=
github.com/src-d/go-oniguruma v1.1.0 h1:EG+Nm5n2JqWUaCjtM0NtutPxU7ZN5Tp50GWrrV8bTww=
github.com/src-d/go-oniguruma v1.1.0/go.mod h1:chVbff8kcVtmrhxtZ3yBVLLquXbzCS6DrxQaAK/CeqM=
github.com/stretchr/objx v0.1.0/go.mod h1:HFkY916IF+rwdDfMAkV7OtwuqBVzrE8GR6GFx+wExME=
github.com/stretchr/testify v1.3.0/go.mod h1:M5WIy9Dh21IEIfnGCwXGc5bZfKNJtfHm1UVUgZn+9EI=
github.com/stretchr/testify v1.4.0/go.mod h1:j7eGeouHqKxXV5pUuKE4zz7dFj8WfuZ+81PSLYec5m4=
github.com/toqueteos/trie v1.0.0 h1:8i6pXxNUXNRAqP246iibb7w/pSFquNTQ+uNfriG7vlk=
github.com/toqueteos/trie v1.0.0/go.mod h1:Ywk48QhEqhU1+DwhMkJ2x7eeGxDHiGkAdc9+0DYcbsM=
golang.org/x/text v0.3.0/go.mod h1:NqM8EUOU14njkJ3fqMW+pc6Ldnwhi/IjpwHt7yyuwOQ=
gopkg.in/check.v1 v0.0.0-20161208181325-20d25e280405/go.mod h1:Co6ibVJAznAaIkqp8huTwlJQCZ016jof/cbN4VW5Yz0=
gopkg.in/check.v1 v1.0.0-20190902080502-41f04d3bba15/go.mod h1:Co6ibVJAznAaIkqp8huTwlJQCZ016jof/cbN4VW5Yz0=
gopkg.in/go-playground/assert.v1 v1.2.1 h1:xoYuJVE7KT85PYWrN730RguIQO0ePzVRfFMXadIrXTM=
gopkg.in/go-playground/assert.v1 v1.2.1/go.mod h1:9RXL0bg/zibRAgZUYszZSwO/z8Y/a8bDuhia5mkpMnE=
gopkg.in/toqueteos/substring.v1 v1.0.2 h1:urLqCeMm6x/eTuQa1oZerNw8N1KNOIp5hD5kGL7lFsE=
gopkg.in/toqueteos/substring.v1 v1.0.2/go.mod h1:Eb2Z1UYehlVK8LYW2WBVR2rwbujsz3aX8XDrM1vbNew=
gopkg.in/yaml.v2 v2.2.2/go.mod h1:hI93XBmqTisBFMUTm0b8Fm+jr3Dg1NNxqwp+5A1VGuI=
